
Microsoft Visual Studio Solution File, Format Version 12.00
# Visual Studio Version 16
VisualStudioVersion = 16.0.29102.190
MinimumVisualStudioVersion = 10.0.40219.1
Project("{FAE04EC0-301F-11D3-BF4B-00C04F79EFBC}") = "CutPageSpreads", "CutPageSpreads\CutPageSpreads.csproj", "{87B61C39-A75A-407E-85AF-634BE7C3E0AE}"
EndProject
Global
	GlobalSection(SolutionConfigurationPlatforms) = preSolution
		Debug|Any CPU = Debug|Any CPU
		Release|Any CPU = Release|Any CPU
	EndGlobalSection
	GlobalSection(ProjectConfigurationPlatforms) = postSolution
		{87B61C39-A75A-407E-85AF-634BE7C3E0AE}.Debug|Any CPU.ActiveCfg = Debug|Any CPU
		{87B61C39-A75A-407E-85AF-634BE7C3E0AE}.Debug|Any CPU.Build.0 = Debug|Any CPU
		{87B61C39-A75A-407E-85AF-634BE7C3E0AE}.Release|Any CPU.ActiveCfg = Release|Any CPU
		{87B61C39-A75A-407E-85AF-634BE7C3E0AE}.Release|Any CPU.Build.0 = Release|Any CPU
	EndGlobalSection
	GlobalSection(SolutionProperties) = preSolution
		HideSolutionNode = FALSE
	EndGlobalSection
	GlobalSection(ExtensibilityGlobals) = postSolution
		SolutionGuid = {F1D8B69D-F2D8-4677-BFF5-15C17E8FBFCF}
	EndGlobalSection
EndGlobal
